
Microsoft Visual Studio Solution File, Format Version 12.00
# Visual Studio Version 16
VisualStudioVersion = 16.0.29306.81
MinimumVisualStudioVersion = 10.0.40219.1
Project("{FAE04EC0-301F-11D3-BF4B-00C04F79EFBC}") = "FileReadAndWrite", "FileReadAndWrite\FileReadAndWrite.csproj", "{F4003BCD-BA8D-4692-ADED-C9E0E36E412B}"
EndProject
Global
	GlobalSection(SolutionConfigurationPlatforms) = preSolution
		Debug|Any CPU = Debug|Any CPU
		Release|Any CPU = Release|Any CPU
	EndGlobalSection
	GlobalSection(ProjectConfigurationPlatforms) = postSolution
		{F4003BCD-BA8D-4692-ADED-C9E0E36E412B}.Debug|Any CPU.ActiveCfg = Debug|Any CPU
		{F4003BCD-BA8D-4692-ADED-C9E0E36E412B}.Debug|Any CPU.Build.0 = Debug|Any CPU
		{F4003BCD-BA8D-4692-ADED-C9E0E36E412B}.Release|Any CPU.ActiveCfg = Release|Any CPU
		{F4003BCD-BA8D-4692-ADED-C9E0E36E412B}.Release|Any CPU.Build.0 = Release|Any CPU
	EndGlobalSection
	GlobalSection(SolutionProperties) = preSolution
		HideSolutionNode = FALSE
	EndGlobalSection
	GlobalSection(ExtensibilityGlobals) = postSolution
		SolutionGuid = {8AEBA24F-DA14-4C78-978C-4FB90D0785ED}
	EndGlobalSection
EndGlobal
